// !$*UTF8*$!
{
	archiveVersion = 1;
	classes = {
	};
	objectVersion = 51;
	objects = {

/* Begin PBXBuildFile section */
		186244782296979600584406 /* AppDelegate.m in Sources */ = {isa = PBXBuildFile; fileRef = 186244772296979600584406 /* AppDelegate.m */; };
		1862447B2296979600584406 /* ViewController.m in Sources */ = {isa = PBXBuildFile; fileRef = 1862447A2296979600584406 /* ViewController.m */; };
		1862447E2296979600584406 /* Main.storyboard in Resources */ = {isa = PBXBuildFile; fileRef = 1862447C2296979600584406 /* Main.storyboard */; };
		186244802296979E00584406 /* Assets.xcassets in Resources */ = {isa = PBXBuildFile; fileRef = 1862447F2296979E00584406 /* Assets.xcassets */; };
		186244832296979E00584406 /* LaunchScreen.storyboard in Resources */ = {isa = PBXBuildFile; fileRef = 186244812296979E00584406 /* LaunchScreen.storyboard */; };
		186244862296979E00584406 /* main.m in Sources */ = {isa = PBXBuildFile; fileRef = 186244852296979E00584406 /* main.m */; };
		186244902296979E00584406 /* WMZTagsTests.m in Sources */ = {isa = PBXBuildFile; fileRef = 1862448F2296979E00584406 /* WMZTagsTests.m */; };
		1862449B2296979E00584406 /* WMZTagsUITests.m in Sources */ = {isa = PBXBuildFile; fileRef = 1862449A2296979E00584406 /* WMZTagsUITests.m */; };
		187C9E86229E75F6000C7436 /* tagOneCell.m in Sources */ = {isa = PBXBuildFile; fileRef = 187C9E85229E75F6000C7436 /* tagOneCell.m */; };
		187C9E89229E7605000C7436 /* tagTwoCell.m in Sources */ = {isa = PBXBuildFile; fileRef = 187C9E88229E7605000C7436 /* tagTwoCell.m */; };
		187C9E8C229E760F000C7436 /* tagThreeCell.m in Sources */ = {isa = PBXBuildFile; fileRef = 187C9E8B229E760F000C7436 /* tagThreeCell.m */; };
		187C9E8F229E761C000C7436 /* tagFourCell.m in Sources */ = {isa = PBXBuildFile; fileRef = 187C9E8E229E761C000C7436 /* tagFourCell.m */; };
		187C9E92229E7627000C7436 /* tagFiveCell.m in Sources */ = {isa = PBXBuildFile; fileRef = 187C9E91229E7627000C7436 /* tagFiveCell.m */; };
		187C9E95229E7645000C7436 /* tagUseTableViewVC.m in Sources */ = {isa = PBXBuildFile; fileRef = 187C9E94229E7645000C7436 /* tagUseTableViewVC.m */; };
		1D7F9C62A780910DAE6D3394 /* Pods_WMZTagsUITests.framework in Frameworks */ = {isa = PBXBuildFile; fileRef = 9A2E85167F4A937898B5D70F /* Pods_WMZTagsUITests.framework */; };
		CD8E93761F8DDA1DE4225304 /* Pods_WMZTagsTests.framework in Frameworks */ = {isa = PBXBuildFile; fileRef = DC8F2D8D42191A11FE02C157 /* Pods_WMZTagsTests.framework */; };
		F0BE9DEABB46A81478DEAFCB /* Pods_WMZTags.framework in Frameworks */ = {isa = PBXBuildFile; fileRef = 418AB7C10CACD6B07BEF0CC2 /* Pods_WMZTags.framework */; };
		F32090F3231E314900460E25 /* WMZTagParam.m in Sources */ = {isa = PBXBuildFile; fileRef = F32090EA231E314900460E25 /* WMZTagParam.m */; };
		F32090F4231E314900460E25 /* WMZTagBtn.m in Sources */ = {isa = PBXBuildFile; fileRef = F32090EE231E314900460E25 /* WMZTagBtn.m */; };
		F32090F6231E314900460E25 /* WMZTags.m in Sources */ = {isa = PBXBuildFile; fileRef = F32090F0231E314900460E25 /* WMZTags.m */; };
		F32090F7231E314900460E25 /* WMZTagCell.m in Sources */ = {isa = PBXBuildFile; fileRef = F32090F2231E314900460E25 /* WMZTagCell.m */; };
		F3209120231E418B00460E25 /* WMZTagsTool.m in Sources */ = {isa = PBXBuildFile; fileRef = F320911F231E418B00460E25 /* WMZTagsTool.m */; };
		F3437C082313D17E002EBA95 /* tagZeroCell.m in Sources */ = {isa = PBXBuildFile; fileRef = F3437C072313D17E002EBA95 /* tagZeroCell.m */; };
/* End PBXBuildFile section */

/* Begin PBXContainerItemProxy section */
		1862448C2296979E00584406 /* PBXContainerItemProxy */ = {
			isa = PBXContainerItemProxy;
			containerPortal = 1862446B2296979600584406 /* Project object */;
			proxyType = 1;
			remoteGlobalIDString = 186244722296979600584406;
			remoteInfo = WMZTags;
		};
		186244972296979E00584406 /* PBXContainerItemProxy */ = {
			isa = PBXContainerItemProxy;
			containerPortal = 1862446B2296979600584406 /* Project object */;
			proxyType = 1;
			remoteGlobalIDString = 186244722296979600584406;
			remoteInfo = WMZTags;
		};
/* End PBXContainerItemProxy section */

/* Begin PBXFileReference section */
		14B7BD6A04E230541B7AA603 /* Pods-WMZTagsTests.debug.xcconfig */ = {isa = PBXFileReference; includeInIndex = 1; lastKnownFileType = text.xcconfig; name = "Pods-WMZTagsTests.debug.xcconfig"; path = "Target Support Files/Pods-WMZTagsTests/Pods-WMZTagsTests.debug.xcconfig"; sourceTree = "<group>"; };
		153862AD3AD62054B4A81B8D /* Pods-WMZTags.debug.xcconfig */ = {isa = PBXFileReference; includeInIndex = 1; lastKnownFileType = text.xcconfig; name = "Pods-WMZTags.debug.xcconfig"; path = "Target Support Files/Pods-WMZTags/Pods-WMZTags.debug.xcconfig"; sourceTree = "<group>"; };
		186244732296979600584406 /* WMZTags.app */ = {isa = PBXFileReference; explicitFileType = wrapper.application; includeInIndex = 0; path = WMZTags.app; sourceTree = BUILT_PRODUCTS_DIR; };
		186244762296979600584406 /* AppDelegate.h */ = {isa = PBXFileReference; lastKnownFileType = sourcecode.c.h; path = AppDelegate.h; sourceTree = "<group>"; };
		186244772296979600584406 /* AppDelegate.m */ = {isa = PBXFileReference; lastKnownFileType = sourcecode.c.objc; path = AppDelegate.m; sourceTree = "<group>"; };
		186244792296979600584406 /* ViewController.h */ = {isa = PBXFileReference; lastKnownFileType = sourcecode.c.h; path = ViewController.h; sourceTree = "<group>"; };
		1862447A2296979600584406 /* ViewController.m */ = {isa = PBXFileReference; lastKnownFileType = sourcecode.c.objc; path = ViewController.m; sourceTree = "<group>"; };
		1862447D2296979600584406 /* Base */ = {isa = PBXFileReference; lastKnownFileType = file.storyboard; name = Base; path = Base.lproj/Main.storyboard; sourceTree = "<group>"; };
		1862447F2296979E00584406 /* Assets.xcassets */ = {isa = PBXFileReference; lastKnownFileType = folder.assetcatalog; path = Assets.xcassets; sourceTree = "<group>"; };
		186244822296979E00584406 /* Base */ = {isa = PBXFileReference; lastKnownFileType = file.storyboard; name = Base; path = Base.lproj/LaunchScreen.storyboard; sourceTree = "<group>"; };
		186244842296979E00584406 /* Info.plist */ = {isa = PBXFileReference; lastKnownFileType = text.plist.xml; path = Info.plist; sourceTree = "<group>"; };
		186244852296979E00584406 /* main.m */ = {isa = PBXFileReference; lastKnownFileType = sourcecode.c.objc; path = main.m; sourceTree = "<group>"; };
		1862448B2296979E00584406 /* WMZTagsTests.xctest */ = {isa = PBXFileReference; explicitFileType = wrapper.cfbundle; includeInIndex = 0; path = WMZTagsTests.xctest; sourceTree = BUILT_PRODUCTS_DIR; };
		1862448F2296979E00584406 /* WMZTagsTests.m */ = {isa = PBXFileReference; lastKnownFileType = sourcecode.c.objc; path = WMZTagsTests.m; sourceTree = "<group>"; };
		186244912296979E00584406 /* Info.plist */ = {isa = PBXFileReference; lastKnownFileType = text.plist.xml; path = Info.plist; sourceTree = "<group>"; };
		186244962296979E00584406 /* WMZTagsUITests.xctest */ = {isa = PBXFileReference; explicitFileType = wrapper.cfbundle; includeInIndex = 0; path = WMZTagsUITests.xctest; sourceTree = BUILT_PRODUCTS_DIR; };
		1862449A2296979E00584406 /* WMZTagsUITests.m */ = {isa = PBXFileReference; lastKnownFileType = sourcecode.c.objc; path = WMZTagsUITests.m; sourceTree = "<group>"; };
		1862449C2296979E00584406 /* Info.plist */ = {isa = PBXFileReference; lastKnownFileType = text.plist.xml; path = Info.plist; sourceTree = "<group>"; };
		187C9E84229E75F6000C7436 /* tagOneCell.h */ = {isa = PBXFileReference; lastKnownFileType = sourcecode.c.h; path = tagOneCell.h; sourceTree = "<group>"; };
		187C9E85229E75F6000C7436 /* tagOneCell.m */ = {isa = PBXFileReference; lastKnownFileType = sourcecode.c.objc; path = tagOneCell.m; sourceTree = "<group>"; };
		187C9E87229E7605000C7436 /* tagTwoCell.h */ = {isa = PBXFileReference; lastKnownFileType = sourcecode.c.h; path = tagTwoCell.h; sourceTree = "<group>"; };
		187C9E88229E7605000C7436 /* tagTwoCell.m */ = {isa = PBXFileReference; lastKnownFileType = sourcecode.c.objc; path = tagTwoCell.m; sourceTree = "<group>"; };
		187C9E8A229E760F000C7436 /* tagThreeCell.h */ = {isa = PBXFileReference; lastKnownFileType = sourcecode.c.h; path = tagThreeCell.h; sourceTree = "<group>"; };
		187C9E8B229E760F000C7436 /* tagThreeCell.m */ = {isa = PBXFileReference; lastKnownFileType = sourcecode.c.objc; path = tagThreeCell.m; sourceTree = "<group>"; };
		187C9E8D229E761C000C7436 /* tagFourCell.h */ = {isa = PBXFileReference; lastKnownFileType = sourcecode.c.h; path = tagFourCell.h; sourceTree = "<group>"; };
		187C9E8E229E761C000C7436 /* tagFourCell.m */ = {isa = PBXFileReference; lastKnownFileType = sourcecode.c.objc; path = tagFourCell.m; sourceTree = "<group>"; };
		187C9E90229E7627000C7436 /* tagFiveCell.h */ = {isa = PBXFileReference; lastKnownFileType = sourcecode.c.h; path = tagFiveCell.h; sourceTree = "<group>"; };
		187C9E91229E7627000C7436 /* tagFiveCell.m */ = {isa = PBXFileReference; lastKnownFileType = sourcecode.c.objc; path = tagFiveCell.m; sourceTree = "<group>"; };
		187C9E93229E7645000C7436 /* tagUseTableViewVC.h */ = {isa = PBXFileReference; lastKnownFileType = sourcecode.c.h; path = tagUseTableViewVC.h; sourceTree = "<group>"; };
		187C9E94229E7645000C7436 /* tagUseTableViewVC.m */ = {isa = PBXFileReference; lastKnownFileType = sourcecode.c.objc; path = tagUseTableViewVC.m; sourceTree = "<group>"; };
		418AB7C10CACD6B07BEF0CC2 /* Pods_WMZTags.framework */ = {isa = PBXFileReference; explicitFileType = wrapper.framework; includeInIndex = 0; path = Pods_WMZTags.framework; sourceTree = BUILT_PRODUCTS_DIR; };
		83B60AB34792D1585833540F /* Pods-WMZTags.release.xcconfig */ = {isa = PBXFileReference; includeInIndex = 1; lastKnownFileType = text.xcconfig; name = "Pods-WMZTags.release.xcconfig"; path = "Target Support Files/Pods-WMZTags/Pods-WMZTags.release.xcconfig"; sourceTree = "<group>"; };
		9A2E85167F4A937898B5D70F /* Pods_WMZTagsUITests.framework */ = {isa = PBXFileReference; explicitFileType = wrapper.framework; includeInIndex = 0; path = Pods_WMZTagsUITests.framework; sourceTree = BUILT_PRODUCTS_DIR; };
		AD6C1AAA65232C4E9B65B37E /* Pods-WMZTagsUITests.debug.xcconfig */ = {isa = PBXFileReference; includeInIndex = 1; lastKnownFileType = text.xcconfig; name = "Pods-WMZTagsUITests.debug.xcconfig"; path = "Target Support Files/Pods-WMZTagsUITests/Pods-WMZTagsUITests.debug.xcconfig"; sourceTree = "<group>"; };
		CFFAC74A1CFABE5B0FE64CDD /* Pods-WMZTagsUITests.release.xcconfig */ = {isa = PBXFileReference; includeInIndex = 1; lastKnownFileType = text.xcconfig; name = "Pods-WMZTagsUITests.release.xcconfig"; path = "Target Support Files/Pods-WMZTagsUITests/Pods-WMZTagsUITests.release.xcconfig"; sourceTree = "<group>"; };
		DC8F2D8D42191A11FE02C157 /* Pods_WMZTagsTests.framework */ = {isa = PBXFileReference; explicitFileType = wrapper.framework; includeInIndex = 0; path = Pods_WMZTagsTests.framework; sourceTree = BUILT_PRODUCTS_DIR; };
		F32090E9231E314900460E25 /* WMZTagBtn.h */ = {isa = PBXFileReference; fileEncoding = 4; lastKnownFileType = sourcecode.c.h; path = WMZTagBtn.h; sourceTree = "<group>"; };
		F32090EA231E314900460E25 /* WMZTagParam.m */ = {isa = PBXFileReference; fileEncoding = 4; lastKnownFileType = sourcecode.c.objc; path = WMZTagParam.m; sourceTree = "<group>"; };
		F32090EB231E314900460E25 /* WMZTagCell.h */ = {isa = PBXFileReference; fileEncoding = 4; lastKnownFileType = sourcecode.c.h; path = WMZTagCell.h; sourceTree = "<group>"; };
		F32090EC231E314900460E25 /* WMZTags.h */ = {isa = PBXFileReference; fileEncoding = 4; lastKnownFileType = sourcecode.c.h; path = WMZTags.h; sourceTree = "<group>"; };
		F32090EE231E314900460E25 /* WMZTagBtn.m */ = {isa = PBXFileReference; fileEncoding = 4; lastKnownFileType = sourcecode.c.objc; path = WMZTagBtn.m; sourceTree = "<group>"; };
		F32090F0231E314900460E25 /* WMZTags.m */ = {isa = PBXFileReference; fileEncoding = 4; lastKnownFileType = sourcecode.c.objc; path = WMZTags.m; sourceTree = "<group>"; };
		F32090F1231E314900460E25 /* WMZTagParam.h */ = {isa = PBXFileReference; fileEncoding = 4; lastKnownFileType = sourcecode.c.h; path = WMZTagParam.h; sourceTree = "<group>"; };
		F32090F2231E314900460E25 /* WMZTagCell.m */ = {isa = PBXFileReference; fileEncoding = 4; lastKnownFileType = sourcecode.c.objc; path = WMZTagCell.m; sourceTree = "<group>"; };
		F320911D231E3C4800460E25 /* HeaderFiles.h */ = {isa = PBXFileReference; lastKnownFileType = sourcecode.c.h; path = HeaderFiles.h; sourceTree = "<group>"; };
		F320911E231E418B00460E25 /* WMZTagsTool.h */ = {isa = PBXFileReference; lastKnownFileType = sourcecode.c.h; path = WMZTagsTool.h; sourceTree = "<group>"; };
		F320911F231E418B00460E25 /* WMZTagsTool.m */ = {isa = PBXFileReference; lastKnownFileType = sourcecode.c.objc; path = WMZTagsTool.m; sourceTree = "<group>"; };
		F3437C062313D17E002EBA95 /* tagZeroCell.h */ = {isa = PBXFileReference; lastKnownFileType = sourcecode.c.h; path = tagZeroCell.h; sourceTree = "<group>"; };
		F3437C072313D17E002EBA95 /* tagZeroCell.m */ = {isa = PBXFileReference; lastKnownFileType = sourcecode.c.objc; path = tagZeroCell.m; sourceTree = "<group>"; };
		F9B3992121A2B6F929B025D4 /* Pods-WMZTagsTests.release.xcconfig */ = {isa = PBXFileReference; includeInIndex = 1; lastKnownFileType = text.xcconfig; name = "Pods-WMZTagsTests.release.xcconfig"; path = "Target Support Files/Pods-WMZTagsTests/Pods-WMZTagsTests.release.xcconfig"; sourceTree = "<group>"; };
/* End PBXFileReference section */

/* Begin PBXFrameworksBuildPhase section */
		186244702296979600584406 /* Frameworks */ = {
			isa = PBXFrameworksBuildPhase;
			buildActionMask = 2147483647;
			files = (
				F0BE9DEABB46A81478DEAFCB /* Pods_WMZTags.framework in Frameworks */,
			);
			runOnlyForDeploymentPostprocessing = 0;
		};
		186244882296979E00584406 /* Frameworks */ = {
			isa = PBXFrameworksBuildPhase;
			buildActionMask = 2147483647;
			files = (
				CD8E93761F8DDA1DE4225304 /* Pods_WMZTagsTests.framework in Frameworks */,
			);
			runOnlyForDeploymentPostprocessing = 0;
		};
		186244932296979E00584406 /* Frameworks */ = {
			isa = PBXFrameworksBuildPhase;
			buildActionMask = 2147483647;
			files = (
				1D7F9C62A780910DAE6D3394 /* Pods_WMZTagsUITests.framework in Frameworks */,
			);
			runOnlyForDeploymentPostprocessing = 0;
		};
/* End PBXFrameworksBuildPhase section */

/* Begin PBXGroup section */
		1862446A2296979600584406 = {
			isa = PBXGroup;
			children = (
				186244752296979600584406 /* WMZTags */,
				1862448E2296979E00584406 /* WMZTagsTests */,
				186244992296979E00584406 /* WMZTagsUITests */,
				186244742296979600584406 /* Products */,
				B68EDEA58851B03C2AA8EB12 /* Pods */,
				3FFA43515BC003FC647DAC13 /* Frameworks */,
			);
			sourceTree = "<group>";
		};
		186244742296979600584406 /* Products */ = {
			isa = PBXGroup;
			children = (
				186244732296979600584406 /* WMZTags.app */,
				1862448B2296979E00584406 /* WMZTagsTests.xctest */,
				186244962296979E00584406 /* WMZTagsUITests.xctest */,
			);
			name = Products;
			sourceTree = "<group>";
		};
		186244752296979600584406 /* WMZTags */ = {
			isa = PBXGroup;
			children = (
				F32090E8231E314900460E25 /* WMZTags */,
				186244762296979600584406 /* AppDelegate.h */,
				186244772296979600584406 /* AppDelegate.m */,
				186244792296979600584406 /* ViewController.h */,
				1862447A2296979600584406 /* ViewController.m */,
				187C9E93229E7645000C7436 /* tagUseTableViewVC.h */,
				187C9E94229E7645000C7436 /* tagUseTableViewVC.m */,
				1862447C2296979600584406 /* Main.storyboard */,
				1862447F2296979E00584406 /* Assets.xcassets */,
				186244812296979E00584406 /* LaunchScreen.storyboard */,
				186244842296979E00584406 /* Info.plist */,
				186244852296979E00584406 /* main.m */,
				F3437C062313D17E002EBA95 /* tagZeroCell.h */,
				F3437C072313D17E002EBA95 /* tagZeroCell.m */,
				187C9E84229E75F6000C7436 /* tagOneCell.h */,
				187C9E85229E75F6000C7436 /* tagOneCell.m */,
				187C9E87229E7605000C7436 /* tagTwoCell.h */,
				187C9E88229E7605000C7436 /* tagTwoCell.m */,
				187C9E8A229E760F000C7436 /* tagThreeCell.h */,
				187C9E8B229E760F000C7436 /* tagThreeCell.m */,
				187C9E8D229E761C000C7436 /* tagFourCell.h */,
				187C9E8E229E761C000C7436 /* tagFourCell.m */,
				187C9E90229E7627000C7436 /* tagFiveCell.h */,
				187C9E91229E7627000C7436 /* tagFiveCell.m */,
			);
			path = WMZTags;
			sourceTree = "<group>";
		};
		1862448E2296979E00584406 /* WMZTagsTests */ = {
			isa = PBXGroup;
			children = (
				1862448F2296979E00584406 /* WMZTagsTests.m */,
				186244912296979E00584406 /* Info.plist */,
			);
			path = WMZTagsTests;
			sourceTree = "<group>";
		};
		186244992296979E00584406 /* WMZTagsUITests */ = {
			isa = PBXGroup;
			children = (
				1862449A2296979E00584406 /* WMZTagsUITests.m */,
				1862449C2296979E00584406 /* Info.plist */,
			);
			path = WMZTagsUITests;
			sourceTree = "<group>";
		};
		3FFA43515BC003FC647DAC13 /* Frameworks */ = {
			isa = PBXGroup;
			children = (
				418AB7C10CACD6B07BEF0CC2 /* Pods_WMZTags.framework */,
				DC8F2D8D42191A11FE02C157 /* Pods_WMZTagsTests.framework */,
				9A2E85167F4A937898B5D70F /* Pods_WMZTagsUITests.framework */,
			);
			name = Frameworks;
			sourceTree = "<group>";
		};
		B68EDEA58851B03C2AA8EB12 /* Pods */ = {
			isa = PBXGroup;
			children = (
				153862AD3AD62054B4A81B8D /* Pods-WMZTags.debug.xcconfig */,
				83B60AB34792D1585833540F /* Pods-WMZTags.release.xcconfig */,
				14B7BD6A04E230541B7AA603 /* Pods-WMZTagsTests.debug.xcconfig */,
				F9B3992121A2B6F929B025D4 /* Pods-WMZTagsTests.release.xcconfig */,
				AD6C1AAA65232C4E9B65B37E /* Pods-WMZTagsUITests.debug.xcconfig */,
				CFFAC74A1CFABE5B0FE64CDD /* Pods-WMZTagsUITests.release.xcconfig */,
			);
			path = Pods;
			sourceTree = "<group>";
		};
		F32090E8231E314900460E25 /* WMZTags */ = {
			isa = PBXGroup;
			children = (
				F32090E9231E314900460E25 /* WMZTagBtn.h */,
				F32090EE231E314900460E25 /* WMZTagBtn.m */,
				F32090F1231E314900460E25 /* WMZTagParam.h */,
				F32090EA231E314900460E25 /* WMZTagParam.m */,
				F32090EB231E314900460E25 /* WMZTagCell.h */,
				F32090F2231E314900460E25 /* WMZTagCell.m */,
				F32090EC231E314900460E25 /* WMZTags.h */,
				F32090F0231E314900460E25 /* WMZTags.m */,
				F320911E231E418B00460E25 /* WMZTagsTool.h */,
				F320911F231E418B00460E25 /* WMZTagsTool.m */,
				F320911D231E3C4800460E25 /* HeaderFiles.h */,
			);
			path = WMZTags;
			sourceTree = "<group>";
		};
/* End PBXGroup section */

/* Begin PBXNativeTarget section */
		186244722296979600584406 /* WMZTags */ = {
			isa = PBXNativeTarget;
			buildConfigurationList = 1862449F2296979E00584406 /* Build configuration list for PBXNativeTarget "WMZTags" */;
			buildPhases = (
				F4524AE8F1914C9E3C397057 /* [CP] Check Pods Manifest.lock */,
				1862446F2296979600584406 /* Sources */,
				186244702296979600584406 /* Frameworks */,
				186244712296979600584406 /* Resources */,
			);
			buildRules = (
			);
			dependencies = (
			);
			name = WMZTags;
			productName = WMZTags;
			productReference = 186244732296979600584406 /* WMZTags.app */;
			productType = "com.apple.product-type.application";
		};
		1862448A2296979E00584406 /* WMZTagsTests */ = {
			isa = PBXNativeTarget;
			buildConfigurationList = 186244A22296979E00584406 /* Build configuration list for PBXNativeTarget "WMZTagsTests" */;
			buildPhases = (
				BAED723CFFC010D1F51466D4 /* [CP] Check Pods Manifest.lock */,
				186244872296979E00584406 /* Sources */,
				186244882296979E00584406 /* Frameworks */,
				186244892296979E00584406 /* Resources */,
			);
			buildRules = (
			);
			dependencies = (
				1862448D2296979E00584406 /* PBXTargetDependency */,
			);
			name = WMZTagsTests;
			productName = WMZTagsTests;
			productReference = 1862448B2296979E00584406 /* WMZTagsTests.xctest */;
			productType = "com.apple.product-type.bundle.unit-test";
		};
		186244952296979E00584406 /* WMZTagsUITests */ = {
			isa = PBXNativeTarget;
			buildConfigurationList = 186244A52296979E00584406 /* Build configuration list for PBXNativeTarget "WMZTagsUITests" */;
			buildPhases = (
				517E648D2646D42119E0895D /* [CP] Check Pods Manifest.lock */,
				186244922296979E00584406 /* Sources */,
				186244932296979E00584406 /* Frameworks */,
				186244942296979E00584406 /* Resources */,
			);
			buildRules = (
			);
			dependencies = (
				186244982296979E00584406 /* PBXTargetDependency */,
			);
			name = WMZTagsUITests;
			productName = WMZTagsUITests;
			productReference = 186244962296979E00584406 /* WMZTagsUITests.xctest */;
			productType = "com.apple.product-type.bundle.ui-testing";
		};
/* End PBXNativeTarget section */

/* Begin PBXProject section */
		1862446B2296979600584406 /* Project object */ = {
			isa = PBXProject;
			attributes = {
				LastUpgradeCheck = 1000;
				ORGANIZATIONNAME = wmz;
				TargetAttributes = {
					186244722296979600584406 = {
						CreatedOnToolsVersion = 10.0;
					};
					1862448A2296979E00584406 = {
						CreatedOnToolsVersion = 10.0;
						TestTargetID = 186244722296979600584406;
					};
					186244952296979E00584406 = {
						CreatedOnToolsVersion = 10.0;
						TestTargetID = 186244722296979600584406;
					};
				};
			};
			buildConfigurationList = 1862446E2296979600584406 /* Build configuration list for PBXProject "WMZTags" */;
			compatibilityVersion = "Xcode 9.3";
			developmentRegion = en;
			hasScannedForEncodings = 0;
			knownRegions = (
				en,
				Base,
			);
			mainGroup = 1862446A2296979600584406;
			productRefGroup = 186244742296979600584406 /* Products */;
			projectDirPath = "";
			projectRoot = "";
			targets = (
				186244722296979600584406 /* WMZTags */,
				1862448A2296979E00584406 /* WMZTagsTests */,
				186244952296979E00584406 /* WMZTagsUITests */,
			);
		};
/* End PBXProject section */

/* Begin PBXResourcesBuildPhase section */
		186244712296979600584406 /* Resources */ = {
			isa = PBXResourcesBuildPhase;
			buildActionMask = 2147483647;
			files = (
				186244832296979E00584406 /* LaunchScreen.storyboard in Resources */,
				186244802296979E00584406 /* Assets.xcassets in Resources */,
				1862447E2296979600584406 /* Main.storyboard in Resources */,
			);
			runOnlyForDeploymentPostprocessing = 0;
		};
		186244892296979E00584406 /* Resources */ = {
			isa = PBXResourcesBuildPhase;
			buildActionMask = 2147483647;
			files = (
			);
			runOnlyForDeploymentPostprocessing = 0;
		};
		186244942296979E00584406 /* Resources */ = {
			isa = PBXResourcesBuildPhase;
			buildActionMask = 2147483647;
			files = (
			);
			runOnlyForDeploymentPostprocessing = 0;
		};
/* End PBXResourcesBuildPhase section */

/* Begin PBXShellScriptBuildPhase section */
		517E648D2646D42119E0895D /* [CP] Check Pods Manifest.lock */ = {
			isa = PBXShellScriptBuildPhase;
			buildActionMask = 2147483647;
			files = (
			);
			inputFileListPaths = (
			);
			inputPaths = (
				"${PODS_PODFILE_DIR_PATH}/Podfile.lock",
				"${PODS_ROOT}/Manifest.lock",
			);
			name = "[CP] Check Pods Manifest.lock";
			outputFileListPaths = (
			);
			outputPaths = (
				"$(DERIVED_FILE_DIR)/Pods-WMZTagsUITests-checkManifestLockResult.txt",
			);
			runOnlyForDeploymentPostprocessing = 0;
			shellPath = /bin/sh;
			shellScript = "diff \"${PODS_PODFILE_DIR_PATH}/Podfile.lock\" \"${PODS_ROOT}/Manifest.lock\" > /dev/null\nif [ $? != 0 ] ; then\n    # print error to STDERR\n    echo \"error: The sandbox is not in sync with the Podfile.lock. Run 'pod install' or update your CocoaPods installation.\" >&2\n    exit 1\nfi\n# This output is used by Xcode 'outputs' to avoid re-running this script phase.\necho \"SUCCESS\" > \"${SCRIPT_OUTPUT_FILE_0}\"\n";
			showEnvVarsInLog = 0;
		};
		BAED723CFFC010D1F51466D4 /* [CP] Check Pods Manifest.lock */ = {
			isa = PBXShellScriptBuildPhase;
			buildActionMask = 2147483647;
			files = (
			);
			inputFileListPaths = (
			);
			inputPaths = (
				"${PODS_PODFILE_DIR_PATH}/Podfile.lock",
				"${PODS_ROOT}/Manifest.lock",
			);
			name = "[CP] Check Pods Manifest.lock";
			outputFileListPaths = (
			);
			outputPaths = (
				"$(DERIVED_FILE_DIR)/Pods-WMZTagsTests-checkManifestLockResult.txt",
			);
			runOnlyForDeploymentPostprocessing = 0;
			shellPath = /bin/sh;
			shellScript = "diff \"${PODS_PODFILE_DIR_PATH}/Podfile.lock\" \"${PODS_ROOT}/Manifest.lock\" > /dev/null\nif [ $? != 0 ] ; then\n    # print error to STDERR\n    echo \"error: The sandbox is not in sync with the Podfile.lock. Run 'pod install' or update your CocoaPods installation.\" >&2\n    exit 1\nfi\n# This output is used by Xcode 'outputs' to avoid re-running this script phase.\necho \"SUCCESS\" > \"${SCRIPT_OUTPUT_FILE_0}\"\n";
			showEnvVarsInLog = 0;
		};
		F4524AE8F1914C9E3C397057 /* [CP] Check Pods Manifest.lock */ = {
			isa = PBXShellScriptBuildPhase;
			buildActionMask = 2147483647;
			files = (
			);
			inputFileListPaths = (
			);
			inputPaths = (
				"${PODS_PODFILE_DIR_PATH}/Podfile.lock",
				"${PODS_ROOT}/Manifest.lock",
			);
			name = "[CP] Check Pods Manifest.lock";
			outputFileListPaths = (
			);
			outputPaths = (
				"$(DERIVED_FILE_DIR)/Pods-WMZTags-checkManifestLockResult.txt",
			);
			runOnlyForDeploymentPostprocessing = 0;
			shellPath = /bin/sh;
			shellScript = "diff \"${PODS_PODFILE_DIR_PATH}/Podfile.lock\" \"${PODS_ROOT}/Manifest.lock\" > /dev/null\nif [ $? != 0 ] ; then\n    # print error to STDERR\n    echo \"error: The sandbox is not in sync with the Podfile.lock. Run 'pod install' or update your CocoaPods installation.\" >&2\n    exit 1\nfi\n# This output is used by Xcode 'outputs' to avoid re-running this script phase.\necho \"SUCCESS\" > \"${SCRIPT_OUTPUT_FILE_0}\"\n";
			showEnvVarsInLog = 0;
		};
/* End PBXShellScriptBuildPhase section */

/* Begin PBXSourcesBuildPhase section */
		1862446F2296979600584406 /* Sources */ = {
			isa = PBXSourcesBuildPhase;
			buildActionMask = 2147483647;
			files = (
				187C9E92229E7627000C7436 /* tagFiveCell.m in Sources */,
				F3437C082313D17E002EBA95 /* tagZeroCell.m in Sources */,
				187C9E95229E7645000C7436 /* tagUseTableViewVC.m in Sources */,
				187C9E89229E7605000C7436 /* tagTwoCell.m in Sources */,
				F32090F4231E314900460E25 /* WMZTagBtn.m in Sources */,
				1862447B2296979600584406 /* ViewController.m in Sources */,
				187C9E8F229E761C000C7436 /* tagFourCell.m in Sources */,
				186244862296979E00584406 /* main.m in Sources */,
				F32090F3231E314900460E25 /* WMZTagParam.m in Sources */,
				F32090F7231E314900460E25 /* WMZTagCell.m in Sources */,
				187C9E8C229E760F000C7436 /* tagThreeCell.m in Sources */,
				F32090F6231E314900460E25 /* WMZTags.m in Sources */,
				187C9E86229E75F6000C7436 /* tagOneCell.m in Sources */,
				186244782296979600584406 /* AppDelegate.m in Sources */,
				F3209120231E418B00460E25 /* WMZTagsTool.m in Sources */,
			);
			runOnlyForDeploymentPostprocessing = 0;
		};
		186244872296979E00584406 /* Sources */ = {
			isa = PBXSourcesBuildPhase;
			buildActionMask = 2147483647;
			files = (
				186244902296979E00584406 /* WMZTagsTests.m in Sources */,
			);
			runOnlyForDeploymentPostprocessing = 0;
		};
		186244922296979E00584406 /* Sources */ = {
			isa = PBXSourcesBuildPhase;
			buildActionMask = 2147483647;
			files = (
				1862449B2296979E00584406 /* WMZTagsUITests.m in Sources */,
			);
			runOnlyForDeploymentPostprocessing = 0;
		};
/* End PBXSourcesBuildPhase section */

/* Begin PBXTargetDependency section */
		1862448D2296979E00584406 /* PBXTargetDependency */ = {
			isa = PBXTargetDependency;
			target = 186244722296979600584406 /* WMZTags */;
			targetProxy = 1862448C2296979E00584406 /* PBXContainerItemProxy */;
		};
		186244982296979E00584406 /* PBXTargetDependency */ = {
			isa = PBXTargetDependency;
			target = 186244722296979600584406 /* WMZTags */;
			targetProxy = 186244972296979E00584406 /* PBXContainerItemProxy */;
		};
/* End PBXTargetDependency section */

/* Begin PBXVariantGroup section */
		1862447C2296979600584406 /* Main.storyboard */ = {
			isa = PBXVariantGroup;
			children = (
				1862447D2296979600584406 /* Base */,
			);
			name = Main.storyboard;
			sourceTree = "<group>";
		};
		186244812296979E00584406 /* LaunchScreen.storyboard */ = {
			isa = PBXVariantGroup;
			children = (
				186244822296979E00584406 /* Base */,
			);
			name = LaunchScreen.storyboard;
			sourceTree = "<group>";
		};
/* End PBXVariantGroup section */

/* Begin XCBuildConfiguration section */
		1862449D2296979E00584406 /* Debug */ = {
			isa = XCBuildConfiguration;
			buildSettings = {
				ALWAYS_SEARCH_USER_PATHS = NO;
				CLANG_ANALYZER_NONNULL = YES;
				CLANG_ANALYZER_NUMBER_OBJECT_CONVERSION = YES_AGGRESSIVE;
				CLANG_CXX_LANGUAGE_STANDARD = "gnu++14";
				CLANG_CXX_LIBRARY = "libc++";
				CLANG_ENABLE_MODULES = YES;
				CLANG_ENABLE_OBJC_ARC = YES;
				CLANG_ENABLE_OBJC_WEAK = YES;
				CLANG_WARN_BLOCK_CAPTURE_AUTORELEASING = YES;
				CLANG_WARN_BOOL_CONVERSION = YES;
				CLANG_WARN_COMMA = YES;
				CLANG_WARN_CONSTANT_CONVERSION = YES;
				CLANG_WARN_DEPRECATED_OBJC_IMPLEMENTATIONS = YES;
				CLANG_WARN_DIRECT_OBJC_ISA_USAGE = YES_ERROR;
				CLANG_WARN_DOCUMENTATION_COMMENTS = YES;
				CLANG_WARN_EMPTY_BODY = YES;
				CLANG_WARN_ENUM_CONVERSION = YES;
				CLANG_WARN_INFINITE_RECURSION = YES;
				CLANG_WARN_INT_CONVERSION = YES;
				CLANG_WARN_NON_LITERAL_NULL_CONVERSION = YES;
				CLANG_WARN_OBJC_IMPLICIT_RETAIN_SELF = YES;
				CLANG_WARN_OBJC_LITERAL_CONVERSION = YES;
				CLANG_WARN_OBJC_ROOT_CLASS = YES_ERROR;
				CLANG_WARN_RANGE_LOOP_ANALYSIS = YES;
				CLANG_WARN_STRICT_PROTOTYPES = YES;
				CLANG_WARN_SUSPICIOUS_MOVE = YES;
				CLANG_WARN_UNGUARDED_AVAILABILITY = YES_AGGRESSIVE;
				CLANG_WARN_UNREACHABLE_CODE = YES;
				CLANG_WARN__DUPLICATE_METHOD_MATCH = YES;
				CODE_SIGN_IDENTITY = "iPhone Developer";
				COPY_PHASE_STRIP = NO;
				DEBUG_INFORMATION_FORMAT = dwarf;
				ENABLE_STRICT_OBJC_MSGSEND = YES;
				ENABLE_TESTABILITY = YES;
				GCC_C_LANGUAGE_STANDARD = gnu11;
				GCC_DYNAMIC_NO_PIC = NO;
				GCC_NO_COMMON_BLOCKS = YES;
				GCC_OPTIMIZATION_LEVEL = 0;
				GCC_PREPROCESSOR_DEFINITIONS = (
					"DEBUG=1",
					"$(inherited)",
				);
				GCC_WARN_64_TO_32_BIT_CONVERSION = YES;
				GCC_WARN_ABOUT_RETURN_TYPE = YES_ERROR;
				GCC_WARN_UNDECLARED_SELECTOR = YES;
				GCC_WARN_UNINITIALIZED_AUTOS = YES_AGGRESSIVE;
				GCC_WARN_UNUSED_FUNCTION = YES;
				GCC_WARN_UNUSED_VARIABLE = YES;
				IPHONEOS_DEPLOYMENT_TARGET = 12.0;
				MTL_ENABLE_DEBUG_INFO = INCLUDE_SOURCE;
				MTL_FAST_MATH = YES;
				ONLY_ACTIVE_ARCH = YES;
				SDKROOT = iphoneos;
			};
			name = Debug;
		};
		1862449E2296979E00584406 /* Release */ = {
			isa = XCBuildConfiguration;
			buildSettings = {
				ALWAYS_SEARCH_USER_PATHS = NO;
				CLANG_ANALYZER_NONNULL = YES;
				CLANG_ANALYZER_NUMBER_OBJECT_CONVERSION = YES_AGGRESSIVE;
				CLANG_CXX_LANGUAGE_STANDARD = "gnu++14";
				CLANG_CXX_LIBRARY = "libc++";
				CLANG_ENABLE_MODULES = YES;
				CLANG_ENABLE_OBJC_ARC = YES;
				CLANG_ENABLE_OBJC_WEAK = YES;
				CLANG_WARN_BLOCK_CAPTURE_AUTORELEASING = YES;
				CLANG_WARN_BOOL_CONVERSION = YES;
				CLANG_WARN_COMMA = YES;
				CLANG_WARN_CONSTANT_CONVERSION = YES;
				CLANG_WARN_DEPRECATED_OBJC_IMPLEMENTATIONS = YES;
				CLANG_WARN_DIRECT_OBJC_ISA_USAGE = YES_ERROR;
				CLANG_WARN_DOCUMENTATION_COMMENTS = YES;
				CLANG_WARN_EMPTY_BODY = YES;
				CLANG_WARN_ENUM_CONVERSION = YES;
				CLANG_WARN_INFINITE_RECURSION = YES;
				CLANG_WARN_INT_CONVERSION = YES;
				CLANG_WARN_NON_LITERAL_NULL_CONVERSION = YES;
				CLANG_WARN_OBJC_IMPLICIT_RETAIN_SELF = YES;
				CLANG_WARN_OBJC_LITERAL_CONVERSION = YES;
				CLANG_WARN_OBJC_ROOT_CLASS = YES_ERROR;
				CLANG_WARN_RANGE_LOOP_ANALYSIS = YES;
				CLANG_WARN_STRICT_PROTOTYPES = YES;
				CLANG_WARN_SUSPICIOUS_MOVE = YES;
				CLANG_WARN_UNGUARDED_AVAILABILITY = YES_AGGRESSIVE;
				CLANG_WARN_UNREACHABLE_CODE = YES;
				CLANG_WARN__DUPLICATE_METHOD_MATCH = YES;
				CODE_SIGN_IDENTITY = "iPhone Developer";
				COPY_PHASE_STRIP = NO;
				DEBUG_INFORMATION_FORMAT = "dwarf-with-dsym";
				ENABLE_NS_ASSERTIONS = NO;
				ENABLE_STRICT_OBJC_MSGSEND = YES;
				GCC_C_LANGUAGE_STANDARD = gnu11;
				GCC_NO_COMMON_BLOCKS = YES;
				GCC_WARN_64_TO_32_BIT_CONVERSION = YES;
				GCC_WARN_ABOUT_RETURN_TYPE = YES_ERROR;
				GCC_WARN_UNDECLARED_SELECTOR = YES;
				GCC_WARN_UNINITIALIZED_AUTOS = YES_AGGRESSIVE;
				GCC_WARN_UNUSED_FUNCTION = YES;
				GCC_WARN_UNUSED_VARIABLE = YES;
				IPHONEOS_DEPLOYMENT_TARGET = 12.0;
				MTL_ENABLE_DEBUG_INFO = NO;
				MTL_FAST_MATH = YES;
				SDKROOT = iphoneos;
				VALIDATE_PRODUCT = YES;
			};
			name = Release;
		};
		186244A02296979E00584406 /* Debug */ = {
			isa = XCBuildConfiguration;
			baseConfigurationReference = 153862AD3AD62054B4A81B8D /* Pods-WMZTags.debug.xcconfig */;
			buildSettings = {
				ASSETCATALOG_COMPILER_APPICON_NAME = AppIcon;
				CLANG_WARN_OBJC_IMPLICIT_RETAIN_SELF = NO;
				CODE_SIGN_STYLE = Automatic;
				DEVELOPMENT_TEAM = HR6T4LQD9T;
				INFOPLIST_FILE = WMZTags/Info.plist;
				LD_RUNPATH_SEARCH_PATHS = (
					"$(inherited)",
					"@executable_path/Frameworks",
				);
				PRODUCT_BUNDLE_IDENTIFIER = com.WMZTags;
				PRODUCT_NAME = "$(TARGET_NAME)";
				TARGETED_DEVICE_FAMILY = "1,2";
			};
			name = Debug;
		};
		186244A12296979E00584406 /* Release */ = {
			isa = XCBuildConfiguration;
			baseConfigurationReference = 83B60AB34792D1585833540F /* Pods-WMZTags.release.xcconfig */;
			buildSettings = {
				ASSETCATALOG_COMPILER_APPICON_NAME = AppIcon;
				CLANG_WARN_OBJC_IMPLICIT_RETAIN_SELF = NO;
				CODE_SIGN_STYLE = Automatic;
				DEVELOPMENT_TEAM = HR6T4LQD9T;
				INFOPLIST_FILE = WMZTags/Info.plist;
				LD_RUNPATH_SEARCH_PATHS = (
					"$(inherited)",
					"@executable_path/Frameworks",
				);
				PRODUCT_BUNDLE_IDENTIFIER = com.WMZTags;
				PRODUCT_NAME = "$(TARGET_NAME)";
				TARGETED_DEVICE_FAMILY = "1,2";
			};
			name = Release;
		};
		186244A32296979E00584406 /* Debug */ = {
			isa = XCBuildConfiguration;
			baseConfigurationReference = 14B7BD6A04E230541B7AA603 /* Pods-WMZTagsTests.debug.xcconfig */;
			buildSettings = {
				BUNDLE_LOADER = "$(TEST_HOST)";
				CODE_SIGN_STYLE = Automatic;
				DEVELOPMENT_TEAM = HR6T4LQD9T;
				INFOPLIST_FILE = WMZTagsTests/Info.plist;
				LD_RUNPATH_SEARCH_PATHS = (
					"$(inherited)",
					"@executable_path/Frameworks",
					"@loader_path/Frameworks",
				);
				PRODUCT_BUNDLE_IDENTIFIER = com.WMZTagsTests;
				PRODUCT_NAME = "$(TARGET_NAME)";
				TARGETED_DEVICE_FAMILY = "1,2";
				TEST_HOST = "$(BUILT_PRODUCTS_DIR)/WMZTags.app/WMZTags";
			};
			name = Debug;
		};
		186244A42296979E00584406 /* Release */ = {
			isa = XCBuildConfiguration;
			baseConfigurationReference = F9B3992121A2B6F929B025D4 /* Pods-WMZTagsTests.release.xcconfig */;
			buildSettings = {
				BUNDLE_LOADER = "$(TEST_HOST)";
				CODE_SIGN_STYLE = Automatic;
				DEVELOPMENT_TEAM = HR6T4LQD9T;
				INFOPLIST_FILE = WMZTagsTests/Info.plist;
				LD_RUNPATH_SEARCH_PATHS = (
					"$(inherited)",
					"@executable_path/Frameworks",
					"@loader_path/Frameworks",
				);
				PRODUCT_BUNDLE_IDENTIFIER = com.WMZTagsTests;
				PRODUCT_NAME = "$(TARGET_NAME)";
				TARGETED_DEVICE_FAMILY = "1,2";
				TEST_HOST = "$(BUILT_PRODUCTS_DIR)/WMZTags.app/WMZTags";
			};
			name = Release;
		};
		186244A62296979E00584406 /* Debug */ = {
			isa = XCBuildConfiguration;
			baseConfigurationReference = AD6C1AAA65232C4E9B65B37E /* Pods-WMZTagsUITests.debug.xcconfig */;
			buildSettings = {
				CODE_SIGN_STYLE = Automatic;
				DEVELOPMENT_TEAM = HR6T4LQD9T;
				INFOPLIST_FILE = WMZTagsUITests/Info.plist;
				LD_RUNPATH_SEARCH_PATHS = (
					"$(inherited)",
					"@executable_path/Frameworks",
					"@loader_path/Frameworks",
				);
				PRODUCT_BUNDLE_IDENTIFIER = com.WMZTagsUITests;
				PRODUCT_NAME = "$(TARGET_NAME)";
				TARGETED_DEVICE_FAMILY = "1,2";
				TEST_TARGET_NAME = WMZTags;
			};
			name = Debug;
		};
		186244A72296979E00584406 /* Release */ = {
			isa = XCBuildConfiguration;
			baseConfigurationReference = CFFAC74A1CFABE5B0FE64CDD /* Pods-WMZTagsUITests.release.xcconfig */;
			buildSettings = {
				CODE_SIGN_STYLE = Automatic;
				DEVELOPMENT_TEAM = HR6T4LQD9T;
				INFOPLIST_FILE = WMZTagsUITests/Info.plist;
				LD_RUNPATH_SEARCH_PATHS = (
					"$(inherited)",
					"@executable_path/Frameworks",
					"@loader_path/Frameworks",
				);
				PRODUCT_BUNDLE_IDENTIFIER = com.WMZTagsUITests;
				PRODUCT_NAME = "$(TARGET_NAME)";
				TARGETED_DEVICE_FAMILY = "1,2";
				TEST_TARGET_NAME = WMZTags;
			};
			name = Release;
		};
/* End XCBuildConfiguration section */

/* Begin XCConfigurationList section */
		1862446E2296979600584406 /* Build configuration list for PBXProject "WMZTags" */ = {
			isa = XCConfigurationList;
			buildConfigurations = (
				1862449D2296979E00584406 /* Debug */,
				1862449E2296979E00584406 /* Release */,
			);
			defaultConfigurationIsVisible = 0;
			defaultConfigurationName = Release;
		};
		1862449F2296979E00584406 /* Build configuration list for PBXNativeTarget "WMZTags" */ = {
			isa = XCConfigurationList;
			buildConfigurations = (
				186244A02296979E00584406 /* Debug */,
				186244A12296979E00584406 /* Release */,
			);
			defaultConfigurationIsVisible = 0;
			defaultConfigurationName = Release;
		};
		186244A22296979E00584406 /* Build configuration list for PBXNativeTarget "WMZTagsTests" */ = {
			isa = XCConfigurationList;
			buildConfigurations = (
				186244A32296979E00584406 /* Debug */,
				186244A42296979E00584406 /* Release */,
			);
			defaultConfigurationIsVisible = 0;
			defaultConfigurationName = Release;
		};
		186244A52296979E00584406 /* Build configuration list for PBXNativeTarget "WMZTagsUITests" */ = {
			isa = XCConfigurationList;
			buildConfigurations = (
				186244A62296979E00584406 /* Debug */,
				186244A72296979E00584406 /* Release */,
			);
			defaultConfigurationIsVisible = 0;
			defaultConfigurationName = Release;
		};
/* End XCConfigurationList section */
	};
	rootObject = 1862446B2296979600584406 /* Project object */;
}
